{
  "name": "catapulta",
  "version": "1.0.0",
  "lockfileVersion": 3,
  "requires": true,
  "packages": {
    "": {
      "name": "catapulta",
      "version": "1.0.0",
      "license": "ISC",
      "dependencies": {
        "@openzeppelin/contracts": "^4.7.3",
        "@openzeppelin/contracts-upgradeable": "^4.8.0-rc.1",
        "@types/node": "^18.7.13",
        "catapulta": "^0.2.6",
        "ds-test": "https://github.com/dapphub/ds-test.git",
        "forge-std": "https://github.com/foundry-rs/forge-std",
        "install": "^0.13.0",
        "micro-onchain-metadata-utils": "^0.1.1",
        "sol-uriencode": "^0.2.0"
      }
    },
    "node_modules/@adraffy/ens-normalize": {
      "version": "1.10.0",
      "resolved": "https://registry.npmjs.org/@adraffy/ens-normalize/-/ens-normalize-1.10.0.tgz",
      "integrity": "sha512-nA9XHtlAkYfJxY7bce8DcN7eKxWWCWkU+1GR9d+U6MbNpfwQp8TI7vqOsBsMcHoT4mBu2kypKoSKnghEzOOq5Q=="
    },
    "node_modules/@noble/curves": {
      "version": "1.2.0",
      "resolved": "https://registry.npmjs.org/@noble/curves/-/curves-1.2.0.tgz",
      "integrity": "sha512-oYclrNgRaM9SsBUBVbb8M6DTV7ZHRTKugureoYEncY5c65HOmRzvSiTE3y5CYaPYJA/GVkrhXEoF0M3Ya9PMnw==",
      "dependencies": {
        "@noble/hashes": "1.3.2"
      },
      "funding": {
        "url": "https://paulmillr.com/funding/"
      }
    },
    "node_modules/@noble/hashes": {
      "version": "1.3.2",
      "resolved": "https://registry.npmjs.org/@noble/hashes/-/hashes-1.3.2.tgz",
      "integrity": "sha512-MVC8EAQp7MvEcm30KWENFjgR+Mkmf+D189XJTkFIlwohU5hcBbn1ZkKq7KVTi2Hme3PMGF390DaL52beVrIihQ==",
      "engines": {
        "node": ">= 16"
      },
      "funding": {
        "url": "https://paulmillr.com/funding/"
      }
    },
    "node_modules/@openzeppelin/contracts": {
      "version": "4.9.3",
      "resolved": "https://registry.npmjs.org/@openzeppelin/contracts/-/contracts-4.9.3.tgz",
      "integrity": "sha512-He3LieZ1pP2TNt5JbkPA4PNT9WC3gOTOlDcFGJW4Le4QKqwmiNJCRt44APfxMxvq7OugU/cqYuPcSBzOw38DAg=="
    },
    "node_modules/@openzeppelin/contracts-upgradeable": {
      "version": "4.9.3",
      "resolved": "https://registry.npmjs.org/@openzeppelin/contracts-upgradeable/-/contracts-upgradeable-4.9.3.tgz",
      "integrity": "sha512-jjaHAVRMrE4UuZNfDwjlLGDxTHWIOwTJS2ldnc278a0gevfXfPr8hxKEVBGFBE96kl2G3VHDZhUimw/+G3TG2A=="
    },
    "node_modules/@types/node": {
      "version": "18.18.4",
      "resolved": "https://registry.npmjs.org/@types/node/-/node-18.18.4.tgz",
      "integrity": "sha512-t3rNFBgJRugIhackit2mVcLfF6IRc0JE4oeizPQL8Zrm8n2WY/0wOdpOPhdtG0V9Q2TlW/axbF1MJ6z+Yj/kKQ=="
    },
    "node_modules/aes-js": {
      "version": "4.0.0-beta.5",
      "resolved": "https://registry.npmjs.org/aes-js/-/aes-js-4.0.0-beta.5.tgz",
      "integrity": "sha512-G965FqalsNyrPqgEGON7nIx1e/OVENSgiEIzyC63haUMuvNnwIgIjMs52hlTCKhkBny7A2ORNlfY9Zu+jmGk1Q=="
    },
    "node_modules/catapulta": {
      "version": "0.2.19",
      "resolved": "https://registry.npmjs.org/catapulta/-/catapulta-0.2.19.tgz",
      "integrity": "sha512-T+LeWZ+q3gA6LzJ9lceqdAeNe1e39dX+qXiHqdQypt8kQ/09Wb34Ui4yMfMTlWmMJgZbfmaTif9hcgcnoBWTDg==",
      "dependencies": {
        "ethers": "^6.8.0",
        "unique-names-generator": "^4.7.1"
      },
      "bin": {
        "catapulta": "catapulta.mjs"
      },
      "peerDependencies": {
        "hardhat": "> 2.0.0 < 3.0.0"
      },
      "peerDependenciesMeta": {
        "hardhat": {
          "optional": true
        }
      }
    },
    "node_modules/ds-test": {
      "version": "1.0.0",
      "resolved": "git+ssh://git@github.com/dapphub/ds-test.git#e282159d5170298eb2455a6c05280ab5a73a4ef0",
      "license": "GPL-3.0"
    },
    "node_modules/ethers": {
      "version": "6.10.0",
      "resolved": "https://registry.npmjs.org/ethers/-/ethers-6.10.0.tgz",
      "integrity": "sha512-nMNwYHzs6V1FR3Y4cdfxSQmNgZsRj1RiTU25JwvnJLmyzw9z3SKxNc2XKDuiXXo/v9ds5Mp9m6HBabgYQQ26tA==",
      "funding": [
        {
          "type": "individual",
          "url": "https://github.com/sponsors/ethers-io/"
        },
        {
          "type": "individual",
          "url": "https://www.buymeacoffee.com/ricmoo"
        }
      ],
      "dependencies": {
        "@adraffy/ens-normalize": "1.10.0",
        "@noble/curves": "1.2.0",
        "@noble/hashes": "1.3.2",
        "@types/node": "18.15.13",
        "aes-js": "4.0.0-beta.5",
        "tslib": "2.4.0",
        "ws": "8.5.0"
      },
      "engines": {
        "node": ">=14.0.0"
      }
    },
    "node_modules/ethers/node_modules/@types/node": {
      "version": "18.15.13",
      "resolved": "https://registry.npmjs.org/@types/node/-/node-18.15.13.tgz",
      "integrity": "sha512-N+0kuo9KgrUQ1Sn/ifDXsvg0TTleP7rIy4zOBGECxAljqvqfqpTfzx0Q1NUedOixRMBfe2Whhb056a42cWs26Q=="
    },
    "node_modules/forge-std": {
      "version": "1.7.1",
      "resolved": "git+ssh://git@github.com/foundry-rs/forge-std.git#f73c73d2018eb6a111f35e4dae7b4f27401e9421",
      "license": "(Apache-2.0 OR MIT)"
    },
    "node_modules/install": {
      "version": "0.13.0",
      "resolved": "https://registry.npmjs.org/install/-/install-0.13.0.tgz",
      "integrity": "sha512-zDml/jzr2PKU9I8J/xyZBQn8rPCAY//UOYNmR01XwNwyfhEWObo2SWfSl1+0tm1u6PhxLwDnfsT/6jB7OUxqFA==",
      "engines": {
        "node": ">= 0.10"
      }
    },
    "node_modules/micro-onchain-metadata-utils": {
      "version": "0.1.1",
      "resolved": "https://registry.npmjs.org/micro-onchain-metadata-utils/-/micro-onchain-metadata-utils-0.1.1.tgz",
      "integrity": "sha512-8EdHJH5q8ToAgPJGS7PFQZ04STyG4aj8e7Q+xB6dcIv0ySt37x0YmVlTak8O0Xd6qXl5QWnWktwmx886OllEOg=="
    },
    "node_modules/sol-uriencode": {
      "version": "0.2.0",
      "resolved": "https://registry.npmjs.org/sol-uriencode/-/sol-uriencode-0.2.0.tgz",
      "integrity": "sha512-PWXYwuLWmDsAoG3hOhK24Lbh/2fXjwXUDNJ6J7ji9jUj4CBRiwKdCNoU/UzgWLo7lYtxL4YM86P9hd30PDBdig=="
    },
    "node_modules/tslib": {
      "version": "2.4.0",
      "resolved": "https://registry.npmjs.org/tslib/-/tslib-2.4.0.tgz",
      "integrity": "sha512-d6xOpEDfsi2CZVlPQzGeux8XMwLT9hssAsaPYExaQMuYskwb+x1x7J371tWlbBdWHroy99KnVB6qIkUbs5X3UQ=="
    },
    "node_modules/unique-names-generator": {
      "version": "4.7.1",
      "resolved": "https://registry.npmjs.org/unique-names-generator/-/unique-names-generator-4.7.1.tgz",
      "integrity": "sha512-lMx9dX+KRmG8sq6gulYYpKWZc9RlGsgBR6aoO8Qsm3qvkSJ+3rAymr+TnV8EDMrIrwuFJ4kruzMWM/OpYzPoow==",
      "engines": {
        "node": ">=8"
      }
    },
    "node_modules/ws": {
      "version": "8.5.0",
      "resolved": "https://registry.npmjs.org/ws/-/ws-8.5.0.tgz",
      "integrity": "sha512-BWX0SWVgLPzYwF8lTzEy1egjhS4S4OEAHfsO8o65WOVsrnSRGaSiUaa9e0ggGlkMTtBlmOpEXiie9RUcBO86qg==",
      "engines": {
        "node": ">=10.0.0"
      },
      "peerDependencies": {
        "bufferutil": "^4.0.1",
        "utf-8-validate": "^5.0.2"
      },
      "peerDependenciesMeta": {
        "bufferutil": {
          "optional": true
        },
        "utf-8-validate": {
          "optional": true
        }
      }
    }
  }
}
